github.com/gotk3/gotk3 v0.5.0 h1:GOkq4cFgAfeK6YAukLi64bz8zPayZKeCSSRr4mcFReQ=
github.com/gotk3/gotk3 v0.5.0/go.mod h1:/hqFpkNa9T3JgNAE2fLvCdov7c5bw//FHNZrZ3Uv9/Q=
github.com/gotk3/gotk3 v0.5.1-0.20201028052159-952547abf55a h1:9O8VeGmNRqh8UPYLfjYc+W3Gu7vSVTo2uEswq4FO9xI=
github.com/gotk3/gotk3 v0.5.1-0.20201028052159-952547abf55a/go.mod h1:/hqFpkNa9T3JgNAE2fLvCdov7c5bw//FHNZrZ3Uv9/Q=
